// !$*UTF8*$!
{
	archiveVersion = 1;
	classes = {
	};
	objectVersion = 55;
	objects = {

/* Begin PBXBuildFile section */
		BDD2086D27B0B01100697942 /* PicsMacApp.swift in Sources */ = {isa = PBXBuildFile; fileRef = BDD2086C27B0B01100697942 /* PicsMacApp.swift */; };
		BDD2086F27B0B01100697942 /* ContentView.swift in Sources */ = {isa = PBXBuildFile; fileRef = BDD2086E27B0B01100697942 /* ContentView.swift */; };
		BDD2087127B0B01100697942 /* Assets.xcassets in Resources */ = {isa = PBXBuildFile; fileRef = BDD2087027B0B01100697942 /* Assets.xcassets */; };
		BDD2087427B0B01100697942 /* Preview Assets.xcassets in Resources */ = {isa = PBXBuildFile; fileRef = BDD2087327B0B01100697942 /* Preview Assets.xcassets */; };
		BDD2087F27B0B13000697942 /* DeviceEnmu.swift in Sources */ = {isa = PBXBuildFile; fileRef = BDD2087B27B0B13000697942 /* DeviceEnmu.swift */; };
		BDD2088027B0B13000697942 /* ImageScaleMode.swift in Sources */ = {isa = PBXBuildFile; fileRef = BDD2087C27B0B13000697942 /* ImageScaleMode.swift */; };
		BDD2088127B0B13000697942 /* UserSetting.swift in Sources */ = {isa = PBXBuildFile; fileRef = BDD2087D27B0B13000697942 /* UserSetting.swift */; };
		BDD2088227B0B13000697942 /* SystemDeviceInfo.swift in Sources */ = {isa = PBXBuildFile; fileRef = BDD2087E27B0B13000697942 /* SystemDeviceInfo.swift */; };
		BDD2088527B0B16300697942 /* SystemPanel.swift in Sources */ = {isa = PBXBuildFile; fileRef = BDD2088427B0B16300697942 /* SystemPanel.swift */; };
		BDD2088827B0B1BF00697942 /* ViewExtension.swift in Sources */ = {isa = PBXBuildFile; fileRef = BDD2088627B0B1BF00697942 /* ViewExtension.swift */; };
		BDD2088927B0B1BF00697942 /* ColorExtension.swift in Sources */ = {isa = PBXBuildFile; fileRef = BDD2088727B0B1BF00697942 /* ColorExtension.swift */; };
		BDD2088D27B0B26800697942 /* LeftSideBarView.swift in Sources */ = {isa = PBXBuildFile; fileRef = BDD2088B27B0B26800697942 /* LeftSideBarView.swift */; };
		BDD2088E27B0B26800697942 /* DeviceView.swift in Sources */ = {isa = PBXBuildFile; fileRef = BDD2088C27B0B26800697942 /* DeviceView.swift */; };
		BDD2089127B0B30700697942 /* RightSaideBarView.swift in Sources */ = {isa = PBXBuildFile; fileRef = BDD2089027B0B30700697942 /* RightSaideBarView.swift */; };
		BDD2089627B0B31C00697942 /* ImageScaleModeSelectView.swift in Sources */ = {isa = PBXBuildFile; fileRef = BDD2089227B0B31C00697942 /* ImageScaleModeSelectView.swift */; };
		BDD2089727B0B31C00697942 /* ImageSettingView.swift in Sources */ = {isa = PBXBuildFile; fileRef = BDD2089327B0B31C00697942 /* ImageSettingView.swift */; };
		BDD2089827B0B31C00697942 /* BackgroundSettingView.swift in Sources */ = {isa = PBXBuildFile; fileRef = BDD2089427B0B31C00697942 /* BackgroundSettingView.swift */; };
		BDD2089927B0B31C00697942 /* CasePickerView.swift in Sources */ = {isa = PBXBuildFile; fileRef = BDD2089527B0B31C00697942 /* CasePickerView.swift */; };
		BDD2089C27B0B4EF00697942 /* ImageImportFromDevice.swift in Sources */ = {isa = PBXBuildFile; fileRef = BDD2089B27B0B4EF00697942 /* ImageImportFromDevice.swift */; };
		BDD208AA27B0DDAF00697942 /* HelpCommands.swift in Sources */ = {isa = PBXBuildFile; fileRef = BDD208A927B0DDAF00697942 /* HelpCommands.swift */; };
		BDD208AC27B0DE8200697942 /* FileCommands.swift in Sources */ = {isa = PBXBuildFile; fileRef = BDD208AB27B0DE8200697942 /* FileCommands.swift */; };
		BDE6F0B127B10D0500B94EC0 /* CanvasScaleControlView.swift in Sources */ = {isa = PBXBuildFile; fileRef = BDE6F0B027B10D0500B94EC0 /* CanvasScaleControlView.swift */; };
		BDE6F0B327B1146D00B94EC0 /* HelpView.swift in Sources */ = {isa = PBXBuildFile; fileRef = BDE6F0B227B1146D00B94EC0 /* HelpView.swift */; };
		BDF1D20427B11F56000C3338 /* HelpOverviewView.swift in Sources */ = {isa = PBXBuildFile; fileRef = BDF1D20327B11F56000C3338 /* HelpOverviewView.swift */; };
		BDF1D20627B11FA7000C3338 /* HelpAppleBezelsView.swift in Sources */ = {isa = PBXBuildFile; fileRef = BDF1D20527B11FA7000C3338 /* HelpAppleBezelsView.swift */; };
		BDF1D20827B12022000C3338 /* HelpImagePickerView.swift in Sources */ = {isa = PBXBuildFile; fileRef = BDF1D20727B12022000C3338 /* HelpImagePickerView.swift */; };
		BDF1D20A27B120BF000C3338 /* HelpImageExportView.swift in Sources */ = {isa = PBXBuildFile; fileRef = BDF1D20927B120BF000C3338 /* HelpImageExportView.swift */; };
		BDF1D20C27B121C7000C3338 /* HelpBackgroundView.swift in Sources */ = {isa = PBXBuildFile; fileRef = BDF1D20B27B121C6000C3338 /* HelpBackgroundView.swift */; };
		BDF1D20E27B14096000C3338 /* BackgroundPickerView.swift in Sources */ = {isa = PBXBuildFile; fileRef = BDF1D20D27B14096000C3338 /* BackgroundPickerView.swift */; };
/* End PBXBuildFile section */

/* Begin PBXFileReference section */
		BDD2086927B0B01100697942 /* PicsMac.app */ = {isa = PBXFileReference; explicitFileType = wrapper.application; includeInIndex = 0; path = PicsMac.app; sourceTree = BUILT_PRODUCTS_DIR; };
		BDD2086C27B0B01100697942 /* PicsMacApp.swift */ = {isa = PBXFileReference; lastKnownFileType = sourcecode.swift; path = PicsMacApp.swift; sourceTree = "<group>"; };
		BDD2086E27B0B01100697942 /* ContentView.swift */ = {isa = PBXFileReference; lastKnownFileType = sourcecode.swift; path = ContentView.swift; sourceTree = "<group>"; };
		BDD2087027B0B01100697942 /* Assets.xcassets */ = {isa = PBXFileReference; lastKnownFileType = folder.assetcatalog; path = Assets.xcassets; sourceTree = "<group>"; };
		BDD2087327B0B01100697942 /* Preview Assets.xcassets */ = {isa = PBXFileReference; lastKnownFileType = folder.assetcatalog; path = "Preview Assets.xcassets"; sourceTree = "<group>"; };
		BDD2087527B0B01100697942 /* PicsMac.entitlements */ = {isa = PBXFileReference; lastKnownFileType = text.plist.entitlements; path = PicsMac.entitlements; sourceTree = "<group>"; };
		BDD2087B27B0B13000697942 /* DeviceEnmu.swift */ = {isa = PBXFileReference; fileEncoding = 4; lastKnownFileType = sourcecode.swift; path = DeviceEnmu.swift; sourceTree = "<group>"; };
		BDD2087C27B0B13000697942 /* ImageScaleMode.swift */ = {isa = PBXFileReference; fileEncoding = 4; lastKnownFileType = sourcecode.swift; path = ImageScaleMode.swift; sourceTree = "<group>"; };
		BDD2087D27B0B13000697942 /* UserSetting.swift */ = {isa = PBXFileReference; fileEncoding = 4; lastKnownFileType = sourcecode.swift; path = UserSetting.swift; sourceTree = "<group>"; };
		BDD2087E27B0B13000697942 /* SystemDeviceInfo.swift */ = {isa = PBXFileReference; fileEncoding = 4; lastKnownFileType = sourcecode.swift; path = SystemDeviceInfo.swift; sourceTree = "<group>"; };
		BDD2088427B0B16300697942 /* SystemPanel.swift */ = {isa = PBXFileReference; fileEncoding = 4; lastKnownFileType = sourcecode.swift; path = SystemPanel.swift; sourceTree = "<group>"; };
		BDD2088627B0B1BF00697942 /* ViewExtension.swift */ = {isa = PBXFileReference; fileEncoding = 4; lastKnownFileType = sourcecode.swift; path = ViewExtension.swift; sourceTree = "<group>"; };
		BDD2088727B0B1BF00697942 /* ColorExtension.swift */ = {isa = PBXFileReference; fileEncoding = 4; lastKnownFileType = sourcecode.swift; path = ColorExtension.swift; sourceTree = "<group>"; };
		BDD2088B27B0B26800697942 /* LeftSideBarView.swift */ = {isa = PBXFileReference; fileEncoding = 4; lastKnownFileType = sourcecode.swift; path = LeftSideBarView.swift; sourceTree = "<group>"; };
		BDD2088C27B0B26800697942 /* DeviceView.swift */ = {isa = PBXFileReference; fileEncoding = 4; lastKnownFileType = sourcecode.swift; path = DeviceView.swift; sourceTree = "<group>"; };
		BDD2089027B0B30700697942 /* RightSaideBarView.swift */ = {isa = PBXFileReference; fileEncoding = 4; lastKnownFileType = sourcecode.swift; path = RightSaideBarView.swift; sourceTree = "<group>"; };
		BDD2089227B0B31C00697942 /* ImageScaleModeSelectView.swift */ = {isa = PBXFileReference; fileEncoding = 4; lastKnownFileType = sourcecode.swift; path = ImageScaleModeSelectView.swift; sourceTree = "<group>"; };
		BDD2089327B0B31C00697942 /* ImageSettingView.swift */ = {isa = PBXFileReference; fileEncoding = 4; lastKnownFileType = sourcecode.swift; path = ImageSettingView.swift; sourceTree = "<group>"; };
		BDD2089427B0B31C00697942 /* BackgroundSettingView.swift */ = {isa = PBXFileReference; fileEncoding = 4; lastKnownFileType = sourcecode.swift; path = BackgroundSettingView.swift; sourceTree = "<group>"; };
		BDD2089527B0B31C00697942 /* CasePickerView.swift */ = {isa = PBXFileReference; fileEncoding = 4; lastKnownFileType = sourcecode.swift; path = CasePickerView.swift; sourceTree = "<group>"; };
		BDD2089B27B0B4EF00697942 /* ImageImportFromDevice.swift */ = {isa = PBXFileReference; fileEncoding = 4; lastKnownFileType = sourcecode.swift; path = ImageImportFromDevice.swift; sourceTree = "<group>"; };
		BDD208A927B0DDAF00697942 /* HelpCommands.swift */ = {isa = PBXFileReference; lastKnownFileType = sourcecode.swift; path = HelpCommands.swift; sourceTree = "<group>"; };
		BDD208AB27B0DE8200697942 /* FileCommands.swift */ = {isa = PBXFileReference; lastKnownFileType = sourcecode.swift; path = FileCommands.swift; sourceTree = "<group>"; };
		BDE6F0B027B10D0500B94EC0 /* CanvasScaleControlView.swift */ = {isa = PBXFileReference; lastKnownFileType = sourcecode.swift; path = CanvasScaleControlView.swift; sourceTree = "<group>"; };
		BDE6F0B227B1146D00B94EC0 /* HelpView.swift */ = {isa = PBXFileReference; lastKnownFileType = sourcecode.swift; path = HelpView.swift; sourceTree = "<group>"; };
		BDF1D20327B11F56000C3338 /* HelpOverviewView.swift */ = {isa = PBXFileReference; lastKnownFileType = sourcecode.swift; path = HelpOverviewView.swift; sourceTree = "<group>"; };
		BDF1D20527B11FA7000C3338 /* HelpAppleBezelsView.swift */ = {isa = PBXFileReference; lastKnownFileType = sourcecode.swift; path = HelpAppleBezelsView.swift; sourceTree = "<group>"; };
		BDF1D20727B12022000C3338 /* HelpImagePickerView.swift */ = {isa = PBXFileReference; lastKnownFileType = sourcecode.swift; path = HelpImagePickerView.swift; sourceTree = "<group>"; };
		BDF1D20927B120BF000C3338 /* HelpImageExportView.swift */ = {isa = PBXFileReference; lastKnownFileType = sourcecode.swift; path = HelpImageExportView.swift; sourceTree = "<group>"; };
		BDF1D20B27B121C6000C3338 /* HelpBackgroundView.swift */ = {isa = PBXFileReference; lastKnownFileType = sourcecode.swift; path = HelpBackgroundView.swift; sourceTree = "<group>"; };
		BDF1D20D27B14096000C3338 /* BackgroundPickerView.swift */ = {isa = PBXFileReference; lastKnownFileType = sourcecode.swift; path = BackgroundPickerView.swift; sourceTree = "<group>"; };
/* End PBXFileReference section */

/* Begin PBXFrameworksBuildPhase section */
		BDD2086627B0B01100697942 /* Frameworks */ = {
			isa = PBXFrameworksBuildPhase;
			buildActionMask = 2147483647;
			files = (
			);
			runOnlyForDeploymentPostprocessing = 0;
		};
/* End PBXFrameworksBuildPhase section */

/* Begin PBXGroup section */
		BDD2086027B0B01100697942 = {
			isa = PBXGroup;
			children = (
				BDD2086B27B0B01100697942 /* PicsMac */,
				BDD2086A27B0B01100697942 /* Products */,
			);
			sourceTree = "<group>";
		};
		BDD2086A27B0B01100697942 /* Products */ = {
			isa = PBXGroup;
			children = (
				BDD2086927B0B01100697942 /* PicsMac.app */,
			);
			name = Products;
			sourceTree = "<group>";
		};
		BDD2086B27B0B01100697942 /* PicsMac */ = {
			isa = PBXGroup;
			children = (
				BDD2086C27B0B01100697942 /* PicsMacApp.swift */,
				BDD2086E27B0B01100697942 /* ContentView.swift */,
				BDF1D20227B11F36000C3338 /* Helper */,
				BDD208AD27B0DFBA00697942 /* CommandsView */,
				BDD2088327B0B14700697942 /* Data */,
				BDD2088A27B0B1C400697942 /* Extensions */,
				BDD2088F27B0B26D00697942 /* LeftSidebar */,
				BDD2089A27B0B32400697942 /* RightSidebar */,
				BDD2087027B0B01100697942 /* Assets.xcassets */,
				BDD2087527B0B01100697942 /* PicsMac.entitlements */,
				BDD2087227B0B01100697942 /* Preview Content */,
			);
			path = PicsMac;
			sourceTree = "<group>";
		};
		BDD2087227B0B01100697942 /* Preview Content */ = {
			isa = PBXGroup;
			children = (
				BDD2087327B0B01100697942 /* Preview Assets.xcassets */,
			);
			path = "Preview Content";
			sourceTree = "<group>";
		};
		BDD2088327B0B14700697942 /* Data */ = {
			isa = PBXGroup;
			children = (
				BDD2089E27B0B80A00697942 /* UserSettings */,
				BDD2089F27B0B82300697942 /* DevicesData */,
				BDD208A027B0B86300697942 /* ImageSettings */,
				BDD208A127B0B87800697942 /* SystemControlData */,
			);
			path = Data;
			sourceTree = "<group>";
		};
		BDD2088A27B0B1C400697942 /* Extensions */ = {
			isa = PBXGroup;
			children = (
				BDD2088727B0B1BF00697942 /* ColorExtension.swift */,
				BDD2088627B0B1BF00697942 /* ViewExtension.swift */,
			);
			path = Extensions;
			sourceTree = "<group>";
		};
		BDD2088F27B0B26D00697942 /* LeftSidebar */ = {
			isa = PBXGroup;
			children = (
				BDD2088C27B0B26800697942 /* DeviceView.swift */,
				BDD2088B27B0B26800697942 /* LeftSideBarView.swift */,
			);
			path = LeftSidebar;
			sourceTree = "<group>";
		};
		BDD2089A27B0B32400697942 /* RightSidebar */ = {
			isa = PBXGroup;
			children = (
				BDD2089027B0B30700697942 /* RightSaideBarView.swift */,
				BDD2089D27B0B7EF00697942 /* Views */,
			);
			path = RightSidebar;
			sourceTree = "<group>";
		};
		BDD2089D27B0B7EF00697942 /* Views */ = {
			isa = PBXGroup;
			children = (
				BDD2089427B0B31C00697942 /* BackgroundSettingView.swift */,
				BDD2089527B0B31C00697942 /* CasePickerView.swift */,
				BDF1D20D27B14096000C3338 /* BackgroundPickerView.swift */,
				BDD2089227B0B31C00697942 /* ImageScaleModeSelectView.swift */,
				BDD2089327B0B31C00697942 /* ImageSettingView.swift */,
				BDE6F0B027B10D0500B94EC0 /* CanvasScaleControlView.swift */,
			);
			path = Views;
			sourceTree = "<group>";
		};
		BDD2089E27B0B80A00697942 /* UserSettings */ = {
			isa = PBXGroup;
			children = (
				BDD2087D27B0B13000697942 /* UserSetting.swift */,
			);
			path = UserSettings;
			sourceTree = "<group>";
		};
		BDD2089F27B0B82300697942 /* DevicesData */ = {
			isa = PBXGroup;
			children = (
				BDD2087B27B0B13000697942 /* DeviceEnmu.swift */,
				BDD2087E27B0B13000697942 /* SystemDeviceInfo.swift */,
			);
			path = DevicesData;
			sourceTree = "<group>";
		};
		BDD208A027B0B86300697942 /* ImageSettings */ = {
			isa = PBXGroup;
			children = (
				BDD2087C27B0B13000697942 /* ImageScaleMode.swift */,
			);
			path = ImageSettings;
			sourceTree = "<group>";
		};
		BDD208A127B0B87800697942 /* SystemControlData */ = {
			isa = PBXGroup;
			children = (
				BDD2089B27B0B4EF00697942 /* ImageImportFromDevice.swift */,
				BDD2088427B0B16300697942 /* SystemPanel.swift */,
			);
			path = SystemControlData;
			sourceTree = "<group>";
		};
		BDD208AD27B0DFBA00697942 /* CommandsView */ = {
			isa = PBXGroup;
			children = (
				BDD208A927B0DDAF00697942 /* HelpCommands.swift */,
				BDD208AB27B0DE8200697942 /* FileCommands.swift */,
			);
			path = CommandsView;
			sourceTree = "<group>";
		};
		BDF1D20227B11F36000C3338 /* Helper */ = {
			isa = PBXGroup;
			children = (
				BDE6F0B227B1146D00B94EC0 /* HelpView.swift */,
				BDF1D20B27B121C6000C3338 /* HelpBackgroundView.swift */,
				BDF1D20927B120BF000C3338 /* HelpImageExportView.swift */,
				BDF1D20727B12022000C3338 /* HelpImagePickerView.swift */,
				BDF1D20327B11F56000C3338 /* HelpOverviewView.swift */,
				BDF1D20527B11FA7000C3338 /* HelpAppleBezelsView.swift */,
			);
			path = Helper;
			sourceTree = "<group>";
		};
/* End PBXGroup section */

/* Begin PBXNativeTarget section */
		BDD2086827B0B01100697942 /* PicsMac */ = {
			isa = PBXNativeTarget;
			buildConfigurationList = BDD2087827B0B01100697942 /* Build configuration list for PBXNativeTarget "PicsMac" */;
			buildPhases = (
				BDD2086527B0B01100697942 /* Sources */,
				BDD2086627B0B01100697942 /* Frameworks */,
				BDD2086727B0B01100697942 /* Resources */,
			);
			buildRules = (
			);
			dependencies = (
			);
			name = PicsMac;
			productName = PicsMac;
			productReference = BDD2086927B0B01100697942 /* PicsMac.app */;
			productType = "com.apple.product-type.application";
		};
/* End PBXNativeTarget section */

/* Begin PBXProject section */
		BDD2086127B0B01100697942 /* Project object */ = {
			isa = PBXProject;
			attributes = {
				BuildIndependentTargetsInParallel = 1;
				LastSwiftUpdateCheck = 1320;
				LastUpgradeCheck = 1320;
				TargetAttributes = {
					BDD2086827B0B01100697942 = {
						CreatedOnToolsVersion = 13.2.1;
					};
				};
			};
			buildConfigurationList = BDD2086427B0B01100697942 /* Build configuration list for PBXProject "PicsMac" */;
			compatibilityVersion = "Xcode 13.0";
			developmentRegion = en;
			hasScannedForEncodings = 0;
			knownRegions = (
				en,
				Base,
			);
			mainGroup = BDD2086027B0B01100697942;
			productRefGroup = BDD2086A27B0B01100697942 /* Products */;
			projectDirPath = "";
			projectRoot = "";
			targets = (
				BDD2086827B0B01100697942 /* PicsMac */,
			);
		};
/* End PBXProject section */

/* Begin PBXResourcesBuildPhase section */
		BDD2086727B0B01100697942 /* Resources */ = {
			isa = PBXResourcesBuildPhase;
			buildActionMask = 2147483647;
			files = (
				BDD2087427B0B01100697942 /* Preview Assets.xcassets in Resources */,
				BDD2087127B0B01100697942 /* Assets.xcassets in Resources */,
			);
			runOnlyForDeploymentPostprocessing = 0;
		};
/* End PBXResourcesBuildPhase section */

/* Begin PBXSourcesBuildPhase section */
		BDD2086527B0B01100697942 /* Sources */ = {
			isa = PBXSourcesBuildPhase;
			buildActionMask = 2147483647;
			files = (
				BDD2087F27B0B13000697942 /* DeviceEnmu.swift in Sources */,
				BDF1D20627B11FA7000C3338 /* HelpAppleBezelsView.swift in Sources */,
				BDD2086F27B0B01100697942 /* ContentView.swift in Sources */,
				BDD2089627B0B31C00697942 /* ImageScaleModeSelectView.swift in Sources */,
				BDD2086D27B0B01100697942 /* PicsMacApp.swift in Sources */,
				BDF1D20427B11F56000C3338 /* HelpOverviewView.swift in Sources */,
				BDD2089927B0B31C00697942 /* CasePickerView.swift in Sources */,
				BDD2088927B0B1BF00697942 /* ColorExtension.swift in Sources */,
				BDD2088127B0B13000697942 /* UserSetting.swift in Sources */,
				BDF1D20C27B121C7000C3338 /* HelpBackgroundView.swift in Sources */,
				BDF1D20E27B14096000C3338 /* BackgroundPickerView.swift in Sources */,
				BDF1D20827B12022000C3338 /* HelpImagePickerView.swift in Sources */,
				BDD2088227B0B13000697942 /* SystemDeviceInfo.swift in Sources */,
				BDD2089127B0B30700697942 /* RightSaideBarView.swift in Sources */,
				BDD2088E27B0B26800697942 /* DeviceView.swift in Sources */,
				BDE6F0B327B1146D00B94EC0 /* HelpView.swift in Sources */,
				BDD2089C27B0B4EF00697942 /* ImageImportFromDevice.swift in Sources */,
				BDD208AC27B0DE8200697942 /* FileCommands.swift in Sources */,
				BDF1D20A27B120BF000C3338 /* HelpImageExportView.swift in Sources */,
				BDE6F0B127B10D0500B94EC0 /* CanvasScaleControlView.swift in Sources */,
				BDD2088D27B0B26800697942 /* LeftSideBarView.swift in Sources */,
				BDD208AA27B0DDAF00697942 /* HelpCommands.swift in Sources */,
				BDD2088527B0B16300697942 /* SystemPanel.swift in Sources */,
				BDD2089827B0B31C00697942 /* BackgroundSettingView.swift in Sources */,
				BDD2089727B0B31C00697942 /* ImageSettingView.swift in Sources */,
				BDD2088827B0B1BF00697942 /* ViewExtension.swift in Sources */,
				BDD2088027B0B13000697942 /* ImageScaleMode.swift in Sources */,
			);
			runOnlyForDeploymentPostprocessing = 0;
		};
/* End PBXSourcesBuildPhase section */

/* Begin XCBuildConfiguration section */
		BDD2087627B0B01100697942 /* Debug */ = {
			isa = XCBuildConfiguration;
			buildSettings = {
				ALWAYS_SEARCH_USER_PATHS = NO;
				CLANG_ANALYZER_NONNULL = YES;
				CLANG_ANALYZER_NUMBER_OBJECT_CONVERSION = YES_AGGRESSIVE;
				CLANG_CXX_LANGUAGE_STANDARD = "gnu++17";
				CLANG_CXX_LIBRARY = "libc++";
				CLANG_ENABLE_MODULES = YES;
				CLANG_ENABLE_OBJC_ARC = YES;
				CLANG_ENABLE_OBJC_WEAK = YES;
				CLANG_WARN_BLOCK_CAPTURE_AUTORELEASING = YES;
				CLANG_WARN_BOOL_CONVERSION = YES;
				CLANG_WARN_COMMA = YES;
				CLANG_WARN_CONSTANT_CONVERSION = YES;
				CLANG_WARN_DEPRECATED_OBJC_IMPLEMENTATIONS = YES;
				CLANG_WARN_DIRECT_OBJC_ISA_USAGE = YES_ERROR;
				CLANG_WARN_DOCUMENTATION_COMMENTS = YES;
				CLANG_WARN_EMPTY_BODY = YES;
				CLANG_WARN_ENUM_CONVERSION = YES;
				CLANG_WARN_INFINITE_RECURSION = YES;
				CLANG_WARN_INT_CONVERSION = YES;
				CLANG_WARN_NON_LITERAL_NULL_CONVERSION = YES;
				CLANG_WARN_OBJC_IMPLICIT_RETAIN_SELF = YES;
				CLANG_WARN_OBJC_LITERAL_CONVERSION = YES;
				CLANG_WARN_OBJC_ROOT_CLASS = YES_ERROR;
				CLANG_WARN_QUOTED_INCLUDE_IN_FRAMEWORK_HEADER = YES;
				CLANG_WARN_RANGE_LOOP_ANALYSIS = YES;
				CLANG_WARN_STRICT_PROTOTYPES = YES;
				CLANG_WARN_SUSPICIOUS_MOVE = YES;
				CLANG_WARN_UNGUARDED_AVAILABILITY = YES_AGGRESSIVE;
				CLANG_WARN_UNREACHABLE_CODE = YES;
				CLANG_WARN__DUPLICATE_METHOD_MATCH = YES;
				COPY_PHASE_STRIP = NO;
				DEBUG_INFORMATION_FORMAT = dwarf;
				ENABLE_STRICT_OBJC_MSGSEND = YES;
				ENABLE_TESTABILITY = YES;
				GCC_C_LANGUAGE_STANDARD = gnu11;
				GCC_DYNAMIC_NO_PIC = NO;
				GCC_NO_COMMON_BLOCKS = YES;
				GCC_OPTIMIZATION_LEVEL = 0;
				GCC_PREPROCESSOR_DEFINITIONS = (
					"DEBUG=1",
					"$(inherited)",
				);
				GCC_WARN_64_TO_32_BIT_CONVERSION = YES;
				GCC_WARN_ABOUT_RETURN_TYPE = YES_ERROR;
				GCC_WARN_UNDECLARED_SELECTOR = YES;
				GCC_WARN_UNINITIALIZED_AUTOS = YES_AGGRESSIVE;
				GCC_WARN_UNUSED_FUNCTION = YES;
				GCC_WARN_UNUSED_VARIABLE = YES;
				MACOSX_DEPLOYMENT_TARGET = 12.1;
				MTL_ENABLE_DEBUG_INFO = INCLUDE_SOURCE;
				MTL_FAST_MATH = YES;
				ONLY_ACTIVE_ARCH = YES;
				SDKROOT = macosx;
				SWIFT_ACTIVE_COMPILATION_CONDITIONS = DEBUG;
				SWIFT_OPTIMIZATION_LEVEL = "-Onone";
			};
			name = Debug;
		};
		BDD2087727B0B01100697942 /* Release */ = {
			isa = XCBuildConfiguration;
			buildSettings = {
				ALWAYS_SEARCH_USER_PATHS = NO;
				CLANG_ANALYZER_NONNULL = YES;
				CLANG_ANALYZER_NUMBER_OBJECT_CONVERSION = YES_AGGRESSIVE;
				CLANG_CXX_LANGUAGE_STANDARD = "gnu++17";
				CLANG_CXX_LIBRARY = "libc++";
				CLANG_ENABLE_MODULES = YES;
				CLANG_ENABLE_OBJC_ARC = YES;
				CLANG_ENABLE_OBJC_WEAK = YES;
				CLANG_WARN_BLOCK_CAPTURE_AUTORELEASING = YES;
				CLANG_WARN_BOOL_CONVERSION = YES;
				CLANG_WARN_COMMA = YES;
				CLANG_WARN_CONSTANT_CONVERSION = YES;
				CLANG_WARN_DEPRECATED_OBJC_IMPLEMENTATIONS = YES;
				CLANG_WARN_DIRECT_OBJC_ISA_USAGE = YES_ERROR;
				CLANG_WARN_DOCUMENTATION_COMMENTS = YES;
				CLANG_WARN_EMPTY_BODY = YES;
				CLANG_WARN_ENUM_CONVERSION = YES;
				CLANG_WARN_INFINITE_RECURSION = YES;
				CLANG_WARN_INT_CONVERSION = YES;
				CLANG_WARN_NON_LITERAL_NULL_CONVERSION = YES;
				CLANG_WARN_OBJC_IMPLICIT_RETAIN_SELF = YES;
				CLANG_WARN_OBJC_LITERAL_CONVERSION = YES;
				CLANG_WARN_OBJC_ROOT_CLASS = YES_ERROR;
				CLANG_WARN_QUOTED_INCLUDE_IN_FRAMEWORK_HEADER = YES;
				CLANG_WARN_RANGE_LOOP_ANALYSIS = YES;
				CLANG_WARN_STRICT_PROTOTYPES = YES;
				CLANG_WARN_SUSPICIOUS_MOVE = YES;
				CLANG_WARN_UNGUARDED_AVAILABILITY = YES_AGGRESSIVE;
				CLANG_WARN_UNREACHABLE_CODE = YES;
				CLANG_WARN__DUPLICATE_METHOD_MATCH = YES;
				COPY_PHASE_STRIP = NO;
				DEBUG_INFORMATION_FORMAT = "dwarf-with-dsym";
				ENABLE_NS_ASSERTIONS = NO;
				ENABLE_STRICT_OBJC_MSGSEND = YES;
				GCC_C_LANGUAGE_STANDARD = gnu11;
				GCC_NO_COMMON_BLOCKS = YES;
				GCC_WARN_64_TO_32_BIT_CONVERSION = YES;
				GCC_WARN_ABOUT_RETURN_TYPE = YES_ERROR;
				GCC_WARN_UNDECLARED_SELECTOR = YES;
				GCC_WARN_UNINITIALIZED_AUTOS = YES_AGGRESSIVE;
				GCC_WARN_UNUSED_FUNCTION = YES;
				GCC_WARN_UNUSED_VARIABLE = YES;
				MACOSX_DEPLOYMENT_TARGET = 12.1;
				MTL_ENABLE_DEBUG_INFO = NO;
				MTL_FAST_MATH = YES;
				SDKROOT = macosx;
				SWIFT_COMPILATION_MODE = wholemodule;
				SWIFT_OPTIMIZATION_LEVEL = "-O";
			};
			name = Release;
		};
		BDD2087927B0B01100697942 /* Debug */ = {
			isa = XCBuildConfiguration;
			buildSettings = {
				ASSETCATALOG_COMPILER_APPICON_NAME = AppIcon;
				ASSETCATALOG_COMPILER_GLOBAL_ACCENT_COLOR_NAME = AccentColor;
				CODE_SIGN_ENTITLEMENTS = PicsMac/PicsMac.entitlements;
				CODE_SIGN_STYLE = Automatic;
				COMBINE_HIDPI_IMAGES = YES;
				CURRENT_PROJECT_VERSION = 1;
				DEVELOPMENT_ASSET_PATHS = "\"PicsMac/Preview Content\"";
				ENABLE_PREVIEWS = YES;
				GENERATE_INFOPLIST_FILE = YES;
				INFOPLIST_KEY_LSApplicationCategoryType = "public.app-category.utilities";
				INFOPLIST_KEY_NSHumanReadableCopyright = "";
				LD_RUNPATH_SEARCH_PATHS = (
					"$(inherited)",
					"@executable_path/../Frameworks",
				);
				MARKETING_VERSION = 1.0;
				PRODUCT_BUNDLE_IDENTIFIER = "com.noreply-email.PicsMac";
				PRODUCT_NAME = "$(TARGET_NAME)";
				SWIFT_EMIT_LOC_STRINGS = YES;
				SWIFT_VERSION = 5.0;
			};
			name = Debug;
		};
		BDD2087A27B0B01100697942 /* Release */ = {
			isa = XCBuildConfiguration;
			buildSettings = {
				ASSETCATALOG_COMPILER_APPICON_NAME = AppIcon;
				ASSETCATALOG_COMPILER_GLOBAL_ACCENT_COLOR_NAME = AccentColor;
				CODE_SIGN_ENTITLEMENTS = PicsMac/PicsMac.entitlements;
				CODE_SIGN_STYLE = Automatic;
				COMBINE_HIDPI_IMAGES = YES;
				CURRENT_PROJECT_VERSION = 1;
				DEVELOPMENT_ASSET_PATHS = "\"PicsMac/Preview Content\"";
				ENABLE_PREVIEWS = YES;
				GENERATE_INFOPLIST_FILE = YES;
				INFOPLIST_KEY_LSApplicationCategoryType = "public.app-category.utilities";
				INFOPLIST_KEY_NSHumanReadableCopyright = "";
				LD_RUNPATH_SEARCH_PATHS = (
					"$(inherited)",
					"@executable_path/../Frameworks",
				);
				MARKETING_VERSION = 1.0;
				PRODUCT_BUNDLE_IDENTIFIER = "com.noreply-email.PicsMac";
				PRODUCT_NAME = "$(TARGET_NAME)";
				SWIFT_EMIT_LOC_STRINGS = YES;
				SWIFT_VERSION = 5.0;
			};
			name = Release;
		};
/* End XCBuildConfiguration section */

/* Begin XCConfigurationList section */
		BDD2086427B0B01100697942 /* Build configuration list for PBXProject "PicsMac" */ = {
			isa = XCConfigurationList;
			buildConfigurations = (
				BDD2087627B0B01100697942 /* Debug */,
				BDD2087727B0B01100697942 /* Release */,
			);
			defaultConfigurationIsVisible = 0;
			defaultConfigurationName = Release;
		};
		BDD2087827B0B01100697942 /* Build configuration list for PBXNativeTarget "PicsMac" */ = {
			isa = XCConfigurationList;
			buildConfigurations = (
				BDD2087927B0B01100697942 /* Debug */,
				BDD2087A27B0B01100697942 /* Release */,
			);
			defaultConfigurationIsVisible = 0;
			defaultConfigurationName = Release;
		};
/* End XCConfigurationList section */
	};
	rootObject = BDD2086127B0B01100697942 /* Project object */;
}
